// !$*UTF8*$!
{
	archiveVersion = 1;
	classes = {
	};
	objectVersion = 50;
	objects = {

/* Begin PBXBuildFile section */
		287C48ED2220636900256F0B /* ConversationListViewController.swift in Sources */ = {isa = PBXBuildFile; fileRef = 287C48EC2220636900256F0B /* ConversationListViewController.swift */; };
		287F40BF2219C61400C87D11 /* PhotoButton.swift in Sources */ = {isa = PBXBuildFile; fileRef = 287F40BE2219C61400C87D11 /* PhotoButton.swift */; };
		287F40C22219D4D300C87D11 /* Constants.swift in Sources */ = {isa = PBXBuildFile; fileRef = 287F40C02219CF8C00C87D11 /* Constants.swift */; };
		288DEA7A220C25AD007D5263 /* AppDelegate.swift in Sources */ = {isa = PBXBuildFile; fileRef = 288DEA79220C25AD007D5263 /* AppDelegate.swift */; };
		288DEA7F220C25AD007D5263 /* Main.storyboard in Resources */ = {isa = PBXBuildFile; fileRef = 288DEA7D220C25AD007D5263 /* Main.storyboard */; };
		288DEA81220C25AF007D5263 /* Assets.xcassets in Resources */ = {isa = PBXBuildFile; fileRef = 288DEA80220C25AF007D5263 /* Assets.xcassets */; };
		288DEA84220C25AF007D5263 /* LaunchScreen.storyboard in Resources */ = {isa = PBXBuildFile; fileRef = 288DEA82220C25AF007D5263 /* LaunchScreen.storyboard */; };
		28A087D82221FE4E002D08D2 /* ConversationViewController.swift in Sources */ = {isa = PBXBuildFile; fileRef = 28A087D72221FE4E002D08D2 /* ConversationViewController.swift */; };
		28AB8DD0222080D500C190F4 /* ConversationListTableViewCell.swift in Sources */ = {isa = PBXBuildFile; fileRef = 28AB8DCF222080D500C190F4 /* ConversationListTableViewCell.swift */; };
		28AB8DD222208C5A00C190F4 /* Protocols.swift in Sources */ = {isa = PBXBuildFile; fileRef = 28AB8DD122208C5A00C190F4 /* Protocols.swift */; };
		28AB8DD42221344F00C190F4 /* TempoModelData.swift in Sources */ = {isa = PBXBuildFile; fileRef = 28AB8DD32221344F00C190F4 /* TempoModelData.swift */; };
		28B2DF03222A97E800F2DAA6 /* Themes.m in Sources */ = {isa = PBXBuildFile; fileRef = 28B2DEFE222A90F300F2DAA6 /* Themes.m */; };
		28D181382215721200E56148 /* ProfileViewController.swift in Sources */ = {isa = PBXBuildFile; fileRef = 28D181372215721200E56148 /* ProfileViewController.swift */; };
		28E3C59E222F1D7700A09AA5 /* ThemesViewController.m in Sources */ = {isa = PBXBuildFile; fileRef = 28B2DEFC222A8E6900F2DAA6 /* ThemesViewController.m */; };
		28FC00122222C8A9003C9161 /* messageViewCell.swift in Sources */ = {isa = PBXBuildFile; fileRef = 28FC00112222C8A9003C9161 /* messageViewCell.swift */; };
/* End PBXBuildFile section */

/* Begin PBXFileReference section */
		287C48EC2220636900256F0B /* ConversationListViewController.swift */ = {isa = PBXFileReference; lastKnownFileType = sourcecode.swift; path = ConversationListViewController.swift; sourceTree = "<group>"; };
		287F40BE2219C61400C87D11 /* PhotoButton.swift */ = {isa = PBXFileReference; lastKnownFileType = sourcecode.swift; path = PhotoButton.swift; sourceTree = "<group>"; };
		287F40C02219CF8C00C87D11 /* Constants.swift */ = {isa = PBXFileReference; lastKnownFileType = sourcecode.swift; path = Constants.swift; sourceTree = "<group>"; };
		288DEA76220C25AD007D5263 /* Viburnum.app */ = {isa = PBXFileReference; explicitFileType = wrapper.application; includeInIndex = 0; path = Viburnum.app; sourceTree = BUILT_PRODUCTS_DIR; };
		288DEA79220C25AD007D5263 /* AppDelegate.swift */ = {isa = PBXFileReference; lastKnownFileType = sourcecode.swift; path = AppDelegate.swift; sourceTree = "<group>"; };
		288DEA7E220C25AD007D5263 /* Base */ = {isa = PBXFileReference; lastKnownFileType = file.storyboard; name = Base; path = Base.lproj/Main.storyboard; sourceTree = "<group>"; };
		288DEA80220C25AF007D5263 /* Assets.xcassets */ = {isa = PBXFileReference; lastKnownFileType = folder.assetcatalog; path = Assets.xcassets; sourceTree = "<group>"; };
		288DEA83220C25AF007D5263 /* Base */ = {isa = PBXFileReference; lastKnownFileType = file.storyboard; name = Base; path = Base.lproj/LaunchScreen.storyboard; sourceTree = "<group>"; };
		288DEA85220C25AF007D5263 /* Info.plist */ = {isa = PBXFileReference; lastKnownFileType = text.plist.xml; path = Info.plist; sourceTree = "<group>"; };
		2890AA02222E9E9900FFE199 /* ThemesViewController.swift */ = {isa = PBXFileReference; lastKnownFileType = sourcecode.swift; path = ThemesViewController.swift; sourceTree = "<group>"; };
		28A087D72221FE4E002D08D2 /* ConversationViewController.swift */ = {isa = PBXFileReference; lastKnownFileType = sourcecode.swift; path = ConversationViewController.swift; sourceTree = "<group>"; };
		28AB8DCF222080D500C190F4 /* ConversationListTableViewCell.swift */ = {isa = PBXFileReference; lastKnownFileType = sourcecode.swift; path = ConversationListTableViewCell.swift; sourceTree = "<group>"; };
		28AB8DD122208C5A00C190F4 /* Protocols.swift */ = {isa = PBXFileReference; lastKnownFileType = sourcecode.swift; path = Protocols.swift; sourceTree = "<group>"; };
		28AB8DD32221344F00C190F4 /* TempoModelData.swift */ = {isa = PBXFileReference; lastKnownFileType = sourcecode.swift; path = TempoModelData.swift; sourceTree = "<group>"; };
		28B2DEFA222A8E6800F2DAA6 /* Viburnum-Bridging-Header.h */ = {isa = PBXFileReference; lastKnownFileType = sourcecode.c.h; path = "Viburnum-Bridging-Header.h"; sourceTree = "<group>"; };
		28B2DEFB222A8E6900F2DAA6 /* ThemesViewController.h */ = {isa = PBXFileReference; lastKnownFileType = sourcecode.c.h; path = ThemesViewController.h; sourceTree = "<group>"; };
		28B2DEFC222A8E6900F2DAA6 /* ThemesViewController.m */ = {isa = PBXFileReference; lastKnownFileType = sourcecode.c.objc; path = ThemesViewController.m; sourceTree = "<group>"; };
		28B2DEFE222A90F300F2DAA6 /* Themes.m */ = {isa = PBXFileReference; lastKnownFileType = sourcecode.c.objc; path = Themes.m; sourceTree = "<group>"; };
		28B2DF00222A946600F2DAA6 /* ThemesViewControllerDelegate.h */ = {isa = PBXFileReference; lastKnownFileType = sourcecode.c.h; path = ThemesViewControllerDelegate.h; sourceTree = "<group>"; };
		28B2DF05222A9C5F00F2DAA6 /* Themes.h */ = {isa = PBXFileReference; lastKnownFileType = sourcecode.c.h; path = Themes.h; sourceTree = "<group>"; };
		28D181372215721200E56148 /* ProfileViewController.swift */ = {isa = PBXFileReference; lastKnownFileType = sourcecode.swift; path = ProfileViewController.swift; sourceTree = "<group>"; };
		28FC00112222C8A9003C9161 /* messageViewCell.swift */ = {isa = PBXFileReference; lastKnownFileType = sourcecode.swift; path = messageViewCell.swift; sourceTree = "<group>"; };
/* End PBXFileReference section */

/* Begin PBXFrameworksBuildPhase section */
		288DEA73220C25AD007D5263 /* Frameworks */ = {
			isa = PBXFrameworksBuildPhase;
			buildActionMask = 2147483647;
			files = (
			);
			runOnlyForDeploymentPostprocessing = 0;
		};
/* End PBXFrameworksBuildPhase section */

/* Begin PBXGroup section */
		288DEA6D220C25AD007D5263 = {
			isa = PBXGroup;
			children = (
				288DEA78220C25AD007D5263 /* Viburnum */,
				288DEA77220C25AD007D5263 /* Products */,
			);
			sourceTree = "<group>";
		};
		288DEA77220C25AD007D5263 /* Products */ = {
			isa = PBXGroup;
			children = (
				288DEA76220C25AD007D5263 /* Viburnum.app */,
			);
			name = Products;
			sourceTree = "<group>";
		};
		288DEA78220C25AD007D5263 /* Viburnum */ = {
			isa = PBXGroup;
			children = (
				288DEA80220C25AF007D5263 /* Assets.xcassets */,
				288DEA85220C25AF007D5263 /* Info.plist */,
				2890F1572224687400F42965 /* Model */,
				28B2DEEA222A7CE000F2DAA6 /* View */,
				2890F1582224887800F42965 /* Controller */,
				28B2DEEB222A7CE800F2DAA6 /* Support */,
				28B2DF05222A9C5F00F2DAA6 /* Themes.h */,
				28B2DEFE222A90F300F2DAA6 /* Themes.m */,
				28B2DEFA222A8E6800F2DAA6 /* Viburnum-Bridging-Header.h */,
				28B2DEFB222A8E6900F2DAA6 /* ThemesViewController.h */,
				28B2DEFC222A8E6900F2DAA6 /* ThemesViewController.m */,
				2890AA02222E9E9900FFE199 /* ThemesViewController.swift */,
				28B2DF00222A946600F2DAA6 /* ThemesViewControllerDelegate.h */,
			);
			path = Viburnum;
			sourceTree = "<group>";
		};
		2890F1572224687400F42965 /* Model */ = {
			isa = PBXGroup;
			children = (
				28AB8DD32221344F00C190F4 /* TempoModelData.swift */,
			);
			path = Model;
			sourceTree = "<group>";
		};
		2890F1582224887800F42965 /* Controller */ = {
			isa = PBXGroup;
			children = (
				287C48EC2220636900256F0B /* ConversationListViewController.swift */,
				28AB8DCF222080D500C190F4 /* ConversationListTableViewCell.swift */,
				28A087D72221FE4E002D08D2 /* ConversationViewController.swift */,
				28FC00112222C8A9003C9161 /* messageViewCell.swift */,
				28D181372215721200E56148 /* ProfileViewController.swift */,
			);
			path = Controller;
			sourceTree = "<group>";
		};
		28B2DEEA222A7CE000F2DAA6 /* View */ = {
			isa = PBXGroup;
			children = (
				288DEA7D220C25AD007D5263 /* Main.storyboard */,
				288DEA82220C25AF007D5263 /* LaunchScreen.storyboard */,
				287F40BE2219C61400C87D11 /* PhotoButton.swift */,
			);
			path = View;
			sourceTree = "<group>";
		};
		28B2DEEB222A7CE800F2DAA6 /* Support */ = {
			isa = PBXGroup;
			children = (
				28AB8DD122208C5A00C190F4 /* Protocols.swift */,
				287F40C02219CF8C00C87D11 /* Constants.swift */,
				288DEA79220C25AD007D5263 /* AppDelegate.swift */,
			);
			path = Support;
			sourceTree = "<group>";
		};
/* End PBXGroup section */

/* Begin PBXNativeTarget section */
		288DEA75220C25AD007D5263 /* Viburnum */ = {
			isa = PBXNativeTarget;
			buildConfigurationList = 288DEA88220C25AF007D5263 /* Build configuration list for PBXNativeTarget "Viburnum" */;
			buildPhases = (
				288DEA72220C25AD007D5263 /* Sources */,
				288DEA73220C25AD007D5263 /* Frameworks */,
				288DEA74220C25AD007D5263 /* Resources */,
			);
			buildRules = (
			);
			dependencies = (
			);
			name = Viburnum;
			productName = Viburnum;
			productReference = 288DEA76220C25AD007D5263 /* Viburnum.app */;
			productType = "com.apple.product-type.application";
		};
/* End PBXNativeTarget section */

/* Begin PBXProject section */
		288DEA6E220C25AD007D5263 /* Project object */ = {
			isa = PBXProject;
			attributes = {
				LastSwiftUpdateCheck = 1010;
				LastUpgradeCheck = 1010;
				ORGANIZATIONNAME = "Maksim Sugak";
				TargetAttributes = {
					288DEA75220C25AD007D5263 = {
						CreatedOnToolsVersion = 10.1;
						LastSwiftMigration = 1010;
					};
				};
			};
			buildConfigurationList = 288DEA71220C25AD007D5263 /* Build configuration list for PBXProject "Viburnum" */;
			compatibilityVersion = "Xcode 9.3";
			developmentRegion = en;
			hasScannedForEncodings = 0;
			knownRegions = (
				en,
				Base,
			);
			mainGroup = 288DEA6D220C25AD007D5263;
			productRefGroup = 288DEA77220C25AD007D5263 /* Products */;
			projectDirPath = "";
			projectRoot = "";
			targets = (
				288DEA75220C25AD007D5263 /* Viburnum */,
			);
		};
/* End PBXProject section */

/* Begin PBXResourcesBuildPhase section */
		288DEA74220C25AD007D5263 /* Resources */ = {
			isa = PBXResourcesBuildPhase;
			buildActionMask = 2147483647;
			files = (
				288DEA84220C25AF007D5263 /* LaunchScreen.storyboard in Resources */,
				288DEA81220C25AF007D5263 /* Assets.xcassets in Resources */,
				288DEA7F220C25AD007D5263 /* Main.storyboard in Resources */,
			);
			runOnlyForDeploymentPostprocessing = 0;
		};
/* End PBXResourcesBuildPhase section */

/* Begin PBXSourcesBuildPhase section */
		288DEA72220C25AD007D5263 /* Sources */ = {
			isa = PBXSourcesBuildPhase;
			buildActionMask = 2147483647;
			files = (
				28AB8DD0222080D500C190F4 /* ConversationListTableViewCell.swift in Sources */,
				28B2DF03222A97E800F2DAA6 /* Themes.m in Sources */,
				28E3C59E222F1D7700A09AA5 /* ThemesViewController.m in Sources */,
				28D181382215721200E56148 /* ProfileViewController.swift in Sources */,
				28A087D82221FE4E002D08D2 /* ConversationViewController.swift in Sources */,
				28AB8DD222208C5A00C190F4 /* Protocols.swift in Sources */,
				28FC00122222C8A9003C9161 /* messageViewCell.swift in Sources */,
				288DEA7A220C25AD007D5263 /* AppDelegate.swift in Sources */,
				287C48ED2220636900256F0B /* ConversationListViewController.swift in Sources */,
				287F40BF2219C61400C87D11 /* PhotoButton.swift in Sources */,
				287F40C22219D4D300C87D11 /* Constants.swift in Sources */,
				28AB8DD42221344F00C190F4 /* TempoModelData.swift in Sources */,
			);
			runOnlyForDeploymentPostprocessing = 0;
		};
/* End PBXSourcesBuildPhase section */

/* Begin PBXVariantGroup section */
		288DEA7D220C25AD007D5263 /* Main.storyboard */ = {
			isa = PBXVariantGroup;
			children = (
				288DEA7E220C25AD007D5263 /* Base */,
			);
			name = Main.storyboard;
			sourceTree = "<group>";
		};
		288DEA82220C25AF007D5263 /* LaunchScreen.storyboard */ = {
			isa = PBXVariantGroup;
			children = (
				288DEA83220C25AF007D5263 /* Base */,
			);
			name = LaunchScreen.storyboard;
			sourceTree = "<group>";
		};
/* End PBXVariantGroup section */

/* Begin XCBuildConfiguration section */
		288DEA86220C25AF007D5263 /* Debug */ = {
			isa = XCBuildConfiguration;
			buildSettings = {
				ALWAYS_SEARCH_USER_PATHS = NO;
				CLANG_ANALYZER_NONNULL = YES;
				CLANG_ANALYZER_NUMBER_OBJECT_CONVERSION = YES_AGGRESSIVE;
				CLANG_CXX_LANGUAGE_STANDARD = "gnu++14";
				CLANG_CXX_LIBRARY = "libc++";
				CLANG_ENABLE_MODULES = YES;
				CLANG_ENABLE_OBJC_ARC = NO;
				CLANG_ENABLE_OBJC_WEAK = YES;
				CLANG_WARN_BLOCK_CAPTURE_AUTORELEASING = YES;
				CLANG_WARN_BOOL_CONVERSION = YES;
				CLANG_WARN_COMMA = YES;
				CLANG_WARN_CONSTANT_CONVERSION = YES;
				CLANG_WARN_DEPRECATED_OBJC_IMPLEMENTATIONS = YES;
				CLANG_WARN_DIRECT_OBJC_ISA_USAGE = YES_ERROR;
				CLANG_WARN_DOCUMENTATION_COMMENTS = YES;
				CLANG_WARN_EMPTY_BODY = YES;
				CLANG_WARN_ENUM_CONVERSION = YES;
				CLANG_WARN_INFINITE_RECURSION = YES;
				CLANG_WARN_INT_CONVERSION = YES;
				CLANG_WARN_NON_LITERAL_NULL_CONVERSION = YES;
				CLANG_WARN_OBJC_IMPLICIT_RETAIN_SELF = YES;
				CLANG_WARN_OBJC_LITERAL_CONVERSION = YES;
				CLANG_WARN_OBJC_ROOT_CLASS = YES_ERROR;
				CLANG_WARN_RANGE_LOOP_ANALYSIS = YES;
				CLANG_WARN_STRICT_PROTOTYPES = YES;
				CLANG_WARN_SUSPICIOUS_MOVE = YES;
				CLANG_WARN_UNGUARDED_AVAILABILITY = YES_AGGRESSIVE;
				CLANG_WARN_UNREACHABLE_CODE = YES;
				CLANG_WARN__DUPLICATE_METHOD_MATCH = YES;
				CODE_SIGN_IDENTITY = "iPhone Developer";
				COPY_PHASE_STRIP = NO;
				DEBUG_INFORMATION_FORMAT = dwarf;
				ENABLE_STRICT_OBJC_MSGSEND = YES;
				ENABLE_TESTABILITY = YES;
				GCC_C_LANGUAGE_STANDARD = gnu11;
				GCC_DYNAMIC_NO_PIC = NO;
				GCC_NO_COMMON_BLOCKS = YES;
				GCC_OPTIMIZATION_LEVEL = 0;
				GCC_PREPROCESSOR_DEFINITIONS = (
					"DEBUG=1",
					"$(inherited)",
				);
				GCC_WARN_64_TO_32_BIT_CONVERSION = YES;
				GCC_WARN_ABOUT_RETURN_TYPE = YES_ERROR;
				GCC_WARN_UNDECLARED_SELECTOR = YES;
				GCC_WARN_UNINITIALIZED_AUTOS = YES_AGGRESSIVE;
				GCC_WARN_UNUSED_FUNCTION = YES;
				GCC_WARN_UNUSED_VARIABLE = YES;
				IPHONEOS_DEPLOYMENT_TARGET = 11.0;
				MTL_ENABLE_DEBUG_INFO = INCLUDE_SOURCE;
				MTL_FAST_MATH = YES;
				ONLY_ACTIVE_ARCH = YES;
				SDKROOT = iphoneos;
				SWIFT_ACTIVE_COMPILATION_CONDITIONS = DEBUG;
				SWIFT_OPTIMIZATION_LEVEL = "-Onone";
			};
			name = Debug;
		};
		288DEA87220C25AF007D5263 /* Release */ = {
			isa = XCBuildConfiguration;
			buildSettings = {
				ALWAYS_SEARCH_USER_PATHS = NO;
				CLANG_ANALYZER_NONNULL = YES;
				CLANG_ANALYZER_NUMBER_OBJECT_CONVERSION = YES_AGGRESSIVE;
				CLANG_CXX_LANGUAGE_STANDARD = "gnu++14";
				CLANG_CXX_LIBRARY = "libc++";
				CLANG_ENABLE_MODULES = YES;
				CLANG_ENABLE_OBJC_ARC = NO;
				CLANG_ENABLE_OBJC_WEAK = YES;
				CLANG_WARN_BLOCK_CAPTURE_AUTORELEASING = YES;
				CLANG_WARN_BOOL_CONVERSION = YES;
				CLANG_WARN_COMMA = YES;
				CLANG_WARN_CONSTANT_CONVERSION = YES;
				CLANG_WARN_DEPRECATED_OBJC_IMPLEMENTATIONS = YES;
				CLANG_WARN_DIRECT_OBJC_ISA_USAGE = YES_ERROR;
				CLANG_WARN_DOCUMENTATION_COMMENTS = YES;
				CLANG_WARN_EMPTY_BODY = YES;
				CLANG_WARN_ENUM_CONVERSION = YES;
				CLANG_WARN_INFINITE_RECURSION = YES;
				CLANG_WARN_INT_CONVERSION = YES;
				CLANG_WARN_NON_LITERAL_NULL_CONVERSION = YES;
				CLANG_WARN_OBJC_IMPLICIT_RETAIN_SELF = YES;
				CLANG_WARN_OBJC_LITERAL_CONVERSION = YES;
				CLANG_WARN_OBJC_ROOT_CLASS = YES_ERROR;
				CLANG_WARN_RANGE_LOOP_ANALYSIS = YES;
				CLANG_WARN_STRICT_PROTOTYPES = YES;
				CLANG_WARN_SUSPICIOUS_MOVE = YES;
				CLANG_WARN_UNGUARDED_AVAILABILITY = YES_AGGRESSIVE;
				CLANG_WARN_UNREACHABLE_CODE = YES;
				CLANG_WARN__DUPLICATE_METHOD_MATCH = YES;
				CODE_SIGN_IDENTITY = "iPhone Developer";
				COPY_PHASE_STRIP = NO;
				DEBUG_INFORMATION_FORMAT = "dwarf-with-dsym";
				ENABLE_NS_ASSERTIONS = NO;
				ENABLE_STRICT_OBJC_MSGSEND = YES;
				GCC_C_LANGUAGE_STANDARD = gnu11;
				GCC_NO_COMMON_BLOCKS = YES;
				GCC_WARN_64_TO_32_BIT_CONVERSION = YES;
				GCC_WARN_ABOUT_RETURN_TYPE = YES_ERROR;
				GCC_WARN_UNDECLARED_SELECTOR = YES;
				GCC_WARN_UNINITIALIZED_AUTOS = YES_AGGRESSIVE;
				GCC_WARN_UNUSED_FUNCTION = YES;
				GCC_WARN_UNUSED_VARIABLE = YES;
				IPHONEOS_DEPLOYMENT_TARGET = 11.0;
				MTL_ENABLE_DEBUG_INFO = NO;
				MTL_FAST_MATH = YES;
				SDKROOT = iphoneos;
				SWIFT_ACTIVE_COMPILATION_CONDITIONS = RELEASE;
				SWIFT_COMPILATION_MODE = wholemodule;
				SWIFT_OPTIMIZATION_LEVEL = "-O";
				VALIDATE_PRODUCT = YES;
			};
			name = Release;
		};
		288DEA89220C25AF007D5263 /* Debug */ = {
			isa = XCBuildConfiguration;
			buildSettings = {
				ASSETCATALOG_COMPILER_APPICON_NAME = AppIcon;
				CLANG_ENABLE_MODULES = YES;
				CODE_SIGN_STYLE = Automatic;
				DEVELOPMENT_TEAM = HM8Z36USPM;
				INFOPLIST_FILE = Viburnum/Info.plist;
				IPHONEOS_DEPLOYMENT_TARGET = 11.0;
				LD_RUNPATH_SEARCH_PATHS = (
					"$(inherited)",
					"@executable_path/Frameworks",
				);
				PRODUCT_BUNDLE_IDENTIFIER = com.max.sugak.Viburnum;
				PRODUCT_NAME = "$(TARGET_NAME)";
				SWIFT_OBJC_BRIDGING_HEADER = "Viburnum/Viburnum-Bridging-Header.h";
				SWIFT_OPTIMIZATION_LEVEL = "-Onone";
				SWIFT_VERSION = 4.2;
				TARGETED_DEVICE_FAMILY = 1;
			};
			name = Debug;
		};
		288DEA8A220C25AF007D5263 /* Release */ = {
			isa = XCBuildConfiguration;
			buildSettings = {
				ASSETCATALOG_COMPILER_APPICON_NAME = AppIcon;
				CLANG_ENABLE_MODULES = YES;
				CODE_SIGN_STYLE = Automatic;
				DEVELOPMENT_TEAM = HM8Z36USPM;
				INFOPLIST_FILE = Viburnum/Info.plist;
				IPHONEOS_DEPLOYMENT_TARGET = 11.0;
				LD_RUNPATH_SEARCH_PATHS = (
					"$(inherited)",
					"@executable_path/Frameworks",
				);
				PRODUCT_BUNDLE_IDENTIFIER = com.max.sugak.Viburnum;
				PRODUCT_NAME = "$(TARGET_NAME)";
				SWIFT_OBJC_BRIDGING_HEADER = "Viburnum/Viburnum-Bridging-Header.h";
				SWIFT_VERSION = 4.2;
				TARGETED_DEVICE_FAMILY = 1;
			};
			name = Release;
		};
		288DEA8F220C69B8007D5263 /* ShowLogs */ = {
			isa = XCBuildConfiguration;
			buildSettings = {
				ALWAYS_SEARCH_USER_PATHS = NO;
				CLANG_ANALYZER_NONNULL = YES;
				CLANG_ANALYZER_NUMBER_OBJECT_CONVERSION = YES_AGGRESSIVE;
				CLANG_CXX_LANGUAGE_STANDARD = "gnu++14";
				CLANG_CXX_LIBRARY = "libc++";
				CLANG_ENABLE_MODULES = YES;
				CLANG_ENABLE_OBJC_ARC = NO;
				CLANG_ENABLE_OBJC_WEAK = YES;
				CLANG_WARN_BLOCK_CAPTURE_AUTORELEASING = YES;
				CLANG_WARN_BOOL_CONVERSION = YES;
				CLANG_WARN_COMMA = YES;
				CLANG_WARN_CONSTANT_CONVERSION = YES;
				CLANG_WARN_DEPRECATED_OBJC_IMPLEMENTATIONS = YES;
				CLANG_WARN_DIRECT_OBJC_ISA_USAGE = YES_ERROR;
				CLANG_WARN_DOCUMENTATION_COMMENTS = YES;
				CLANG_WARN_EMPTY_BODY = YES;
				CLANG_WARN_ENUM_CONVERSION = YES;
				CLANG_WARN_INFINITE_RECURSION = YES;
				CLANG_WARN_INT_CONVERSION = YES;
				CLANG_WARN_NON_LITERAL_NULL_CONVERSION = YES;
				CLANG_WARN_OBJC_IMPLICIT_RETAIN_SELF = YES;
				CLANG_WARN_OBJC_LITERAL_CONVERSION = YES;
				CLANG_WARN_OBJC_ROOT_CLASS = YES_ERROR;
				CLANG_WARN_RANGE_LOOP_ANALYSIS = YES;
				CLANG_WARN_STRICT_PROTOTYPES = YES;
				CLANG_WARN_SUSPICIOUS_MOVE = YES;
				CLANG_WARN_UNGUARDED_AVAILABILITY = YES_AGGRESSIVE;
				CLANG_WARN_UNREACHABLE_CODE = YES;
				CLANG_WARN__DUPLICATE_METHOD_MATCH = YES;
				CODE_SIGN_IDENTITY = "iPhone Developer";
				COPY_PHASE_STRIP = NO;
				DEBUG_INFORMATION_FORMAT = dwarf;
				ENABLE_STRICT_OBJC_MSGSEND = YES;
				ENABLE_TESTABILITY = YES;
				GCC_C_LANGUAGE_STANDARD = gnu11;
				GCC_DYNAMIC_NO_PIC = NO;
				GCC_NO_COMMON_BLOCKS = YES;
				GCC_OPTIMIZATION_LEVEL = 0;
				GCC_PREPROCESSOR_DEFINITIONS = (
					"DEBUG=1",
					"$(inherited)",
				);
				GCC_WARN_64_TO_32_BIT_CONVERSION = YES;
				GCC_WARN_ABOUT_RETURN_TYPE = YES_ERROR;
				GCC_WARN_UNDECLARED_SELECTOR = YES;
				GCC_WARN_UNINITIALIZED_AUTOS = YES_AGGRESSIVE;
				GCC_WARN_UNUSED_FUNCTION = YES;
				GCC_WARN_UNUSED_VARIABLE = YES;
				IPHONEOS_DEPLOYMENT_TARGET = 11.0;
				MTL_ENABLE_DEBUG_INFO = INCLUDE_SOURCE;
				MTL_FAST_MATH = YES;
				ONLY_ACTIVE_ARCH = YES;
				SDKROOT = iphoneos;
				SWIFT_ACTIVE_COMPILATION_CONDITIONS = SHOWLOGS;
				SWIFT_OPTIMIZATION_LEVEL = "-Onone";
			};
			name = ShowLogs;
		};
		288DEA90220C69B8007D5263 /* ShowLogs */ = {
			isa = XCBuildConfiguration;
			buildSettings = {
				ASSETCATALOG_COMPILER_APPICON_NAME = AppIcon;
				CLANG_ENABLE_MODULES = YES;
				CODE_SIGN_STYLE = Automatic;
				DEVELOPMENT_TEAM = HM8Z36USPM;
				INFOPLIST_FILE = Viburnum/Info.plist;
				IPHONEOS_DEPLOYMENT_TARGET = 11.0;
				LD_RUNPATH_SEARCH_PATHS = (
					"$(inherited)",
					"@executable_path/Frameworks",
				);
				PRODUCT_BUNDLE_IDENTIFIER = com.max.sugak.Viburnum;
				PRODUCT_NAME = "$(TARGET_NAME)";
				SWIFT_OBJC_BRIDGING_HEADER = "Viburnum/Viburnum-Bridging-Header.h";
				SWIFT_OPTIMIZATION_LEVEL = "-Onone";
				SWIFT_VERSION = 4.2;
				TARGETED_DEVICE_FAMILY = 1;
			};
			name = ShowLogs;
		};
/* End XCBuildConfiguration section */

/* Begin XCConfigurationList section */
		288DEA71220C25AD007D5263 /* Build configuration list for PBXProject "Viburnum" */ = {
			isa = XCConfigurationList;
			buildConfigurations = (
				288DEA86220C25AF007D5263 /* Debug */,
				288DEA8F220C69B8007D5263 /* ShowLogs */,
				288DEA87220C25AF007D5263 /* Release */,
			);
			defaultConfigurationIsVisible = 0;
			defaultConfigurationName = Release;
		};
		288DEA88220C25AF007D5263 /* Build configuration list for PBXNativeTarget "Viburnum" */ = {
			isa = XCConfigurationList;
			buildConfigurations = (
				288DEA89220C25AF007D5263 /* Debug */,
				288DEA90220C69B8007D5263 /* ShowLogs */,
				288DEA8A220C25AF007D5263 /* Release */,
			);
			defaultConfigurationIsVisible = 0;
			defaultConfigurationName = Release;
		};
/* End XCConfigurationList section */
	};
	rootObject = 288DEA6E220C25AD007D5263 /* Project object */;
}
